// !$*UTF8*$!
{
	archiveVersion = 1;
	classes = {
	};
	objectVersion = 48;
	objects = {

/* Begin PBXBuildFile section */
		44CF9C3C1FB725AC00E303E2 /* AppDelegate.swift in Sources */ = {isa = PBXBuildFile; fileRef = 44CF9C3B1FB725AC00E303E2 /* AppDelegate.swift */; };
		44CF9C3E1FB725AC00E303E2 /* ViewController.swift in Sources */ = {isa = PBXBuildFile; fileRef = 44CF9C3D1FB725AC00E303E2 /* ViewController.swift */; };
		44CF9C411FB725AD00E303E2 /* Main.storyboard in Resources */ = {isa = PBXBuildFile; fileRef = 44CF9C3F1FB725AD00E303E2 /* Main.storyboard */; };
		44CF9C431FB725AD00E303E2 /* Assets.xcassets in Resources */ = {isa = PBXBuildFile; fileRef = 44CF9C421FB725AD00E303E2 /* Assets.xcassets */; };
		44CF9C461FB725AD00E303E2 /* LaunchScreen.storyboard in Resources */ = {isa = PBXBuildFile; fileRef = 44CF9C441FB725AD00E303E2 /* LaunchScreen.storyboard */; };
/* End PBXBuildFile section */

/* Begin PBXFileReference section */
		44CF9C381FB725AC00E303E2 /* MapPinner.app */ = {isa = PBXFileReference; explicitFileType = wrapper.application; includeInIndex = 0; path = MapPinner.app; sourceTree = BUILT_PRODUCTS_DIR; };
		44CF9C3B1FB725AC00E303E2 /* AppDelegate.swift */ = {isa = PBXFileReference; lastKnownFileType = sourcecode.swift; path = AppDelegate.swift; sourceTree = "<group>"; };
		44CF9C3D1FB725AC00E303E2 /* ViewController.swift */ = {isa = PBXFileReference; lastKnownFileType = sourcecode.swift; path = ViewController.swift; sourceTree = "<group>"; };
		44CF9C401FB725AD00E303E2 /* Base */ = {isa = PBXFileReference; lastKnownFileType = file.storyboard; name = Base; path = Base.lproj/Main.storyboard; sourceTree = "<group>"; };
		44CF9C421FB725AD00E303E2 /* Assets.xcassets */ = {isa = PBXFileReference; lastKnownFileType = folder.assetcatalog; path = Assets.xcassets; sourceTree = "<group>"; };
		44CF9C451FB725AD00E303E2 /* Base */ = {isa = PBXFileReference; lastKnownFileType = file.storyboard; name = Base; path = Base.lproj/LaunchScreen.storyboard; sourceTree = "<group>"; };
		44CF9C471FB725AD00E303E2 /* Info.plist */ = {isa = PBXFileReference; lastKnownFileType = text.plist.xml; path = Info.plist; sourceTree = "<group>"; };
/* End PBXFileReference section */

/* Begin PBXFrameworksBuildPhase section */
		44CF9C351FB725AC00E303E2 /* Frameworks */ = {
			isa = PBXFrameworksBuildPhase;
			buildActionMask = 2147483647;
			files = (
			);
			runOnlyForDeploymentPostprocessing = 0;
		};
/* End PBXFrameworksBuildPhase section */

/* Begin PBXGroup section */
		44CF9C2F1FB725AB00E303E2 = {
			isa = PBXGroup;
			children = (
				44CF9C3A1FB725AC00E303E2 /* MapPinner */,
				44CF9C391FB725AC00E303E2 /* Products */,
			);
			sourceTree = "<group>";
		};
		44CF9C391FB725AC00E303E2 /* Products */ = {
			isa = PBXGroup;
			children = (
				44CF9C381FB725AC00E303E2 /* MapPinner.app */,
			);
			name = Products;
			sourceTree = "<group>";
		};
		44CF9C3A1FB725AC00E303E2 /* MapPinner */ = {
			isa = PBXGroup;
			children = (
				44CF9C3B1FB725AC00E303E2 /* AppDelegate.swift */,
				44CF9C3D1FB725AC00E303E2 /* ViewController.swift */,
				44CF9C3F1FB725AD00E303E2 /* Main.storyboard */,
				44CF9C421FB725AD00E303E2 /* Assets.xcassets */,
				44CF9C441FB725AD00E303E2 /* LaunchScreen.storyboard */,
				44CF9C471FB725AD00E303E2 /* Info.plist */,
			);
			path = MapPinner;
			sourceTree = "<group>";
		};
/* End PBXGroup section */

/* Begin PBXNativeTarget section */
		44CF9C371FB725AC00E303E2 /* MapPinner */ = {
			isa = PBXNativeTarget;
			buildConfigurationList = 44CF9C4A1FB725AD00E303E2 /* Build configuration list for PBXNativeTarget "MapPinner" */;
			buildPhases = (
				44CF9C341FB725AC00E303E2 /* Sources */,
				44CF9C351FB725AC00E303E2 /* Frameworks */,
				44CF9C361FB725AC00E303E2 /* Resources */,
			);
			buildRules = (
			);
			dependencies = (
			);
			name = MapPinner;
			productName = MapPinner;
			productReference = 44CF9C381FB725AC00E303E2 /* MapPinner.app */;
			productType = "com.apple.product-type.application";
		};
/* End PBXNativeTarget section */

/* Begin PBXProject section */
		44CF9C301FB725AB00E303E2 /* Project object */ = {
			isa = PBXProject;
			attributes = {
				LastSwiftUpdateCheck = 0900;
				LastUpgradeCheck = 0900;
				ORGANIZATIONNAME = "Nicola Solazzo";
				TargetAttributes = {
					44CF9C371FB725AC00E303E2 = {
						CreatedOnToolsVersion = 9.0;
						ProvisioningStyle = Automatic;
					};
				};
			};
			buildConfigurationList = 44CF9C331FB725AB00E303E2 /* Build configuration list for PBXProject "MapPinner" */;
			compatibilityVersion = "Xcode 8.0";
			developmentRegion = en;
			hasScannedForEncodings = 0;
			knownRegions = (
				en,
				Base,
			);
			mainGroup = 44CF9C2F1FB725AB00E303E2;
			productRefGroup = 44CF9C391FB725AC00E303E2 /* Products */;
			projectDirPath = "";
			projectRoot = "";
			targets = (
				44CF9C371FB725AC00E303E2 /* MapPinner */,
			);
		};
/* End PBXProject section */

/* Begin PBXResourcesBuildPhase section */
		44CF9C361FB725AC00E303E2 /* Resources */ = {
			isa = PBXResourcesBuildPhase;
			buildActionMask = 2147483647;
			files = (
				44CF9C461FB725AD00E303E2 /* LaunchScreen.storyboard in Resources */,
				44CF9C431FB725AD00E303E2 /* Assets.xcassets in Resources */,
				44CF9C411FB725AD00E303E2 /* Main.storyboard in Resources */,
			);
			runOnlyForDeploymentPostprocessing = 0;
		};
/* End PBXResourcesBuildPhase section */

/* Begin PBXSourcesBuildPhase section */
		44CF9C341FB725AC00E303E2 /* Sources */ = {
			isa = PBXSourcesBuildPhase;
			buildActionMask = 2147483647;
			files = (
				44CF9C3E1FB725AC00E303E2 /* ViewController.swift in Sources */,
				44CF9C3C1FB725AC00E303E2 /* AppDelegate.swift in Sources */,
			);
			runOnlyForDeploymentPostprocessing = 0;
		};
/* End PBXSourcesBuildPhase section */

/* Begin PBXVariantGroup section */
		44CF9C3F1FB725AD00E303E2 /* Main.storyboard */ = {
			isa = PBXVariantGroup;
			children = (
				44CF9C401FB725AD00E303E2 /* Base */,
			);
			name = Main.storyboard;
			sourceTree = "<group>";
		};
		44CF9C441FB725AD00E303E2 /* LaunchScreen.storyboard */ = {
			isa = PBXVariantGroup;
			children = (
				44CF9C451FB725AD00E303E2 /* Base */,
			);
			name = LaunchScreen.storyboard;
			sourceTree = "<group>";
		};
/* End PBXVariantGroup section */

/* Begin XCBuildConfiguration section */
		44CF9C481FB725AD00E303E2 /* Debug */ = {
			isa = XCBuildConfiguration;
			buildSettings = {
				ALWAYS_SEARCH_USER_PATHS = NO;
				CLANG_ANALYZER_NONNULL = YES;
				CLANG_ANALYZER_NUMBER_OBJECT_CONVERSION = YES_AGGRESSIVE;
				CLANG_CXX_LANGUAGE_STANDARD = "gnu++14";
				CLANG_CXX_LIBRARY = "libc++";
				CLANG_ENABLE_MODULES = YES;
				CLANG_ENABLE_OBJC_ARC = YES;
				CLANG_WARN_BLOCK_CAPTURE_AUTORELEASING = YES;
				CLANG_WARN_BOOL_CONVERSION = YES;
				CLANG_WARN_COMMA = YES;
				CLANG_WARN_CONSTANT_CONVERSION = YES;
				CLANG_WARN_DIRECT_OBJC_ISA_USAGE = YES_ERROR;
				CLANG_WARN_DOCUMENTATION_COMMENTS = YES;
				CLANG_WARN_EMPTY_BODY = YES;
				CLANG_WARN_ENUM_CONVERSION = YES;
				CLANG_WARN_INFINITE_RECURSION = YES;
				CLANG_WARN_INT_CONVERSION = YES;
				CLANG_WARN_NON_LITERAL_NULL_CONVERSION = YES;
				CLANG_WARN_OBJC_LITERAL_CONVERSION = YES;
				CLANG_WARN_OBJC_ROOT_CLASS = YES_ERROR;
				CLANG_WARN_RANGE_LOOP_ANALYSIS = YES;
				CLANG_WARN_STRICT_PROTOTYPES = YES;
				CLANG_WARN_SUSPICIOUS_MOVE = YES;
				CLANG_WARN_UNGUARDED_AVAILABILITY = YES_AGGRESSIVE;
				CLANG_WARN_UNREACHABLE_CODE = YES;
				CLANG_WARN__DUPLICATE_METHOD_MATCH = YES;
				CODE_SIGN_IDENTITY = "iPhone Developer";
				COPY_PHASE_STRIP = NO;
				DEBUG_INFORMATION_FORMAT = dwarf;
				ENABLE_STRICT_OBJC_MSGSEND = YES;
				ENABLE_TESTABILITY = YES;
				GCC_C_LANGUAGE_STANDARD = gnu11;
				GCC_DYNAMIC_NO_PIC = NO;
				GCC_NO_COMMON_BLOCKS = YES;
				GCC_OPTIMIZATION_LEVEL = 0;
				GCC_PREPROCESSOR_DEFINITIONS = (
					"DEBUG=1",
					"$(inherited)",
				);
				GCC_WARN_64_TO_32_BIT_CONVERSION = YES;
				GCC_WARN_ABOUT_RETURN_TYPE = YES_ERROR;
				GCC_WARN_UNDECLARED_SELECTOR = YES;
				GCC_WARN_UNINITIALIZED_AUTOS = YES_AGGRESSIVE;
				GCC_WARN_UNUSED_FUNCTION = YES;
				GCC_WARN_UNUSED_VARIABLE = YES;
				IPHONEOS_DEPLOYMENT_TARGET = 11.0;
				MTL_ENABLE_DEBUG_INFO = YES;
				ONLY_ACTIVE_ARCH = YES;
				SDKROOT = iphoneos;
				SWIFT_ACTIVE_COMPILATION_CONDITIONS = DEBUG;
				SWIFT_OPTIMIZATION_LEVEL = "-Onone";
			};
			name = Debug;
		};
		44CF9C491FB725AD00E303E2 /* Release */ = {
			isa = XCBuildConfiguration;
			buildSettings = {
				ALWAYS_SEARCH_USER_PATHS = NO;
				CLANG_ANALYZER_NONNULL = YES;
				CLANG_ANALYZER_NUMBER_OBJECT_CONVERSION = YES_AGGRESSIVE;
				CLANG_CXX_LANGUAGE_STANDARD = "gnu++14";
				CLANG_CXX_LIBRARY = "libc++";
				CLANG_ENABLE_MODULES = YES;
				CLANG_ENABLE_OBJC_ARC = YES;
				CLANG_WARN_BLOCK_CAPTURE_AUTORELEASING = YES;
				CLANG_WARN_BOOL_CONVERSION = YES;
				CLANG_WARN_COMMA = YES;
				CLANG_WARN_CONSTANT_CONVERSION = YES;
				CLANG_WARN_DIRECT_OBJC_ISA_USAGE = YES_ERROR;
				CLANG_WARN_DOCUMENTATION_COMMENTS = YES;
				CLANG_WARN_EMPTY_BODY = YES;
				CLANG_WARN_ENUM_CONVERSION = YES;
				CLANG_WARN_INFINITE_RECURSION = YES;
				CLANG_WARN_INT_CONVERSION = YES;
				CLANG_WARN_NON_LITERAL_NULL_CONVERSION = YES;
				CLANG_WARN_OBJC_LITERAL_CONVERSION = YES;
				CLANG_WARN_OBJC_ROOT_CLASS = YES_ERROR;
				CLANG_WARN_RANGE_LOOP_ANALYSIS = YES;
				CLANG_WARN_STRICT_PROTOTYPES = YES;
				CLANG_WARN_SUSPICIOUS_MOVE = YES;
				CLANG_WARN_UNGUARDED_AVAILABILITY = YES_AGGRESSIVE;
				CLANG_WARN_UNREACHABLE_CODE = YES;
				CLANG_WARN__DUPLICATE_METHOD_MATCH = YES;
				CODE_SIGN_IDENTITY = "iPhone Developer";
				COPY_PHASE_STRIP = NO;
				DEBUG_INFORMATION_FORMAT = "dwarf-with-dsym";
				ENABLE_NS_ASSERTIONS = NO;
				ENABLE_STRICT_OBJC_MSGSEND = YES;
				GCC_C_LANGUAGE_STANDARD = gnu11;
				GCC_NO_COMMON_BLOCKS = YES;
				GCC_WARN_64_TO_32_BIT_CONVERSION = YES;
				GCC_WARN_ABOUT_RETURN_TYPE = YES_ERROR;
				GCC_WARN_UNDECLARED_SELECTOR = YES;
				GCC_WARN_UNINITIALIZED_AUTOS = YES_AGGRESSIVE;
				GCC_WARN_UNUSED_FUNCTION = YES;
				GCC_WARN_UNUSED_VARIABLE = YES;
				IPHONEOS_DEPLOYMENT_TARGET = 11.0;
				MTL_ENABLE_DEBUG_INFO = NO;
				SDKROOT = iphoneos;
				SWIFT_OPTIMIZATION_LEVEL = "-Owholemodule";
				VALIDATE_PRODUCT = YES;
			};
			name = Release;
		};
		44CF9C4B1FB725AD00E303E2 /* Debug */ = {
			isa = XCBuildConfiguration;
			buildSettings = {
				ASSETCATALOG_COMPILER_APPICON_NAME = AppIcon;
				CODE_SIGN_STYLE = Automatic;
				DEVELOPMENT_TEAM = N85W7M4LEB;
				INFOPLIST_FILE = MapPinner/Info.plist;
				LD_RUNPATH_SEARCH_PATHS = "$(inherited) @executable_path/Frameworks";
				PRODUCT_BUNDLE_IDENTIFIER = com.nicolasolazzo.MapPinner;
				PRODUCT_NAME = "$(TARGET_NAME)";
				SWIFT_VERSION = 4.0;
				TARGETED_DEVICE_FAMILY = "1,2";
			};
			name = Debug;
		};
		44CF9C4C1FB725AD00E303E2 /* Release */ = {
			isa = XCBuildConfiguration;
			buildSettings = {
				ASSETCATALOG_COMPILER_APPICON_NAME = AppIcon;
				CODE_SIGN_STYLE = Automatic;
				DEVELOPMENT_TEAM = N85W7M4LEB;
				INFOPLIST_FILE = MapPinner/Info.plist;
				LD_RUNPATH_SEARCH_PATHS = "$(inherited) @executable_path/Frameworks";
				PRODUCT_BUNDLE_IDENTIFIER = com.nicolasolazzo.MapPinner;
				PRODUCT_NAME = "$(TARGET_NAME)";
				SWIFT_VERSION = 4.0;
				TARGETED_DEVICE_FAMILY = "1,2";
			};
			name = Release;
		};
/* End XCBuildConfiguration section */

/* Begin XCConfigurationList section */
		44CF9C331FB725AB00E303E2 /* Build configuration list for PBXProject "MapPinner" */ = {
			isa = XCConfigurationList;
			buildConfigurations = (
				44CF9C481FB725AD00E303E2 /* Debug */,
				44CF9C491FB725AD00E303E2 /* Release */,
			);
			defaultConfigurationIsVisible = 0;
			defaultConfigurationName = Release;
		};
		44CF9C4A1FB725AD00E303E2 /* Build configuration list for PBXNativeTarget "MapPinner" */ = {
			isa = XCConfigurationList;
			buildConfigurations = (
				44CF9C4B1FB725AD00E303E2 /* Debug */,
				44CF9C4C1FB725AD00E303E2 /* Release */,
			);
			defaultConfigurationIsVisible = 0;
			defaultConfigurationName = Release;
		};
/* End XCConfigurationList section */
	};
	rootObject = 44CF9C301FB725AB00E303E2 /* Project object */;
}
